
Microsoft Visual Studio Solution File, Format Version 12.00
# Visual Studio 14
VisualStudioVersion = 14.0.24720.0
MinimumVisualStudioVersion = 10.0.40219.1
Project("{FAE04EC0-301F-11D3-BF4B-00C04F79EFBC}") = "MasterControlProgram", "MasterControlProgram\MasterControlProgram.csproj", "{12441865-54DA-437A-8175-7C437D8B8B8C}"
EndProject
Project("{FAE04EC0-301F-11D3-BF4B-00C04F79EFBC}") = "Worker1", "Worker1\Worker1.csproj", "{6C945A04-007F-41F7-963B-006B17F715D4}"
EndProject
Project("{FAE04EC0-301F-11D3-BF4B-00C04F79EFBC}") = "Worker2", "Worker2\Worker2.csproj", "{3808264A-6E47-42D2-B62B-A11775DCA77A}"
EndProject
Project("{FAE04EC0-301F-11D3-BF4B-00C04F79EFBC}") = "Producer", "Producer\Producer.csproj", "{B5B9C71C-F8E1-42EB-8E1C-B1DF64DA1DC0}"
EndProject
Global
	GlobalSection(SolutionConfigurationPlatforms) = preSolution
		Debug|Any CPU = Debug|Any CPU
		Release|Any CPU = Release|Any CPU
	EndGlobalSection
	GlobalSection(ProjectConfigurationPlatforms) = postSolution
		{12441865-54DA-437A-8175-7C437D8B8B8C}.Debug|Any CPU.ActiveCfg = Debug|Any CPU
		{12441865-54DA-437A-8175-7C437D8B8B8C}.Debug|Any CPU.Build.0 = Debug|Any CPU
		{12441865-54DA-437A-8175-7C437D8B8B8C}.Release|Any CPU.ActiveCfg = Release|Any CPU
		{12441865-54DA-437A-8175-7C437D8B8B8C}.Release|Any CPU.Build.0 = Release|Any CPU
		{6C945A04-007F-41F7-963B-006B17F715D4}.Debug|Any CPU.ActiveCfg = Debug|Any CPU
		{6C945A04-007F-41F7-963B-006B17F715D4}.Debug|Any CPU.Build.0 = Debug|Any CPU
		{6C945A04-007F-41F7-963B-006B17F715D4}.Release|Any CPU.ActiveCfg = Release|Any CPU
		{6C945A04-007F-41F7-963B-006B17F715D4}.Release|Any CPU.Build.0 = Release|Any CPU
		{3808264A-6E47-42D2-B62B-A11775DCA77A}.Debug|Any CPU.ActiveCfg = Debug|Any CPU
		{3808264A-6E47-42D2-B62B-A11775DCA77A}.Debug|Any CPU.Build.0 = Debug|Any CPU
		{3808264A-6E47-42D2-B62B-A11775DCA77A}.Release|Any CPU.ActiveCfg = Release|Any CPU
		{3808264A-6E47-42D2-B62B-A11775DCA77A}.Release|Any CPU.Build.0 = Release|Any CPU
		{B5B9C71C-F8E1-42EB-8E1C-B1DF64DA1DC0}.Debug|Any CPU.ActiveCfg = Debug|Any CPU
		{B5B9C71C-F8E1-42EB-8E1C-B1DF64DA1DC0}.Debug|Any CPU.Build.0 = Debug|Any CPU
		{B5B9C71C-F8E1-42EB-8E1C-B1DF64DA1DC0}.Release|Any CPU.ActiveCfg = Release|Any CPU
		{B5B9C71C-F8E1-42EB-8E1C-B1DF64DA1DC0}.Release|Any CPU.Build.0 = Release|Any CPU
	EndGlobalSection
	GlobalSection(SolutionProperties) = preSolution
		HideSolutionNode = FALSE
	EndGlobalSection
EndGlobal
